// !$*UTF8*$!
{
	archiveVersion = 1;
	classes = {
	};
	objectVersion = 77;
	objects = {

/* Begin PBXBuildFile section */
		D75AFCEE3041D0BF003B950E /* Localizable.strings in Resources */ = {isa = PBXBuildFile; fileRef = D75AFCEA3041CC20003B950E /* Localizable.strings */; };
		D75AFCEF3041D0C7003B950E /* Localizable.strings in Resources */ = {isa = PBXBuildFile; fileRef = D75AFCEC3041CC4F003B950E /* Localizable.strings */; };
		D786B609303DDB5C00CBE45A /* PaginationManagerTests.swift in Sources */ = {isa = PBXBuildFile; fileRef = D786B606303DDB5C00CBE45A /* PaginationManagerTests.swift */; };
		D786B60A303DDB5C00CBE45A /* LearnViewModelTests.swift in Sources */ = {isa = PBXBuildFile; fileRef = D786B605303DDB5C00CBE45A /* LearnViewModelTests.swift */; };
		D786B60B303DDB5C00CBE45A /* AuthSessionTests.swift in Sources */ = {isa = PBXBuildFile; fileRef = D786B603303DDB5C00CBE45A /* AuthSessionTests.swift */; };
		D786B60C303DDB5C00CBE45A /* SwiftLearningTests.swift in Sources */ = {isa = PBXBuildFile; fileRef = D786B607303DDB5C00CBE45A /* SwiftLearningTests.swift */; };
		D786B60D303DDB5C00CBE45A /* BuilderTests.swift in Sources */ = {isa = PBXBuildFile; fileRef = D786B604303DDB5C00CBE45A /* BuilderTests.swift */; };
/* End PBXBuildFile section */

/* Begin PBXContainerItemProxy section */
		D786B5F6303DDAFD00CBE45A /* PBXContainerItemProxy */ = {
			isa = PBXContainerItemProxy;
			containerPortal = D786AFE530288D1000CBE45A /* Project object */;
			proxyType = 1;
			remoteGlobalIDString = D786AFEC30288D1000CBE45A;
			remoteInfo = SwiftLearning;
		};
/* End PBXContainerItemProxy section */

/* Begin PBXFileReference section */
		D75AFCEB3041CC20003B950E /* ru */ = {isa = PBXFileReference; lastKnownFileType = text.plist.strings; name = ru; path = Localizable.strings; sourceTree = "<group>"; };
		D75AFCED3041CC4F003B950E /* en */ = {isa = PBXFileReference; lastKnownFileType = text.plist.strings; name = en; path = Localizable.strings; sourceTree = "<group>"; };
		D786AFED30288D1000CBE45A /* SwiftLearning.app */ = {isa = PBXFileReference; explicitFileType = wrapper.application; includeInIndex = 0; path = SwiftLearning.app; sourceTree = BUILT_PRODUCTS_DIR; };
		D786B5F2303DDAFC00CBE45A /* SwiftLearningTests.xctest */ = {isa = PBXFileReference; explicitFileType = wrapper.cfbundle; includeInIndex = 0; path = SwiftLearningTests.xctest; sourceTree = BUILT_PRODUCTS_DIR; };
		D786B603303DDB5C00CBE45A /* AuthSessionTests.swift */ = {isa = PBXFileReference; lastKnownFileType = sourcecode.swift; path = AuthSessionTests.swift; sourceTree = "<group>"; };
		D786B604303DDB5C00CBE45A /* BuilderTests.swift */ = {isa = PBXFileReference; lastKnownFileType = sourcecode.swift; path = BuilderTests.swift; sourceTree = "<group>"; };
		D786B605303DDB5C00CBE45A /* LearnViewModelTests.swift */ = {isa = PBXFileReference; lastKnownFileType = sourcecode.swift; path = LearnViewModelTests.swift; sourceTree = "<group>"; };
		D786B606303DDB5C00CBE45A /* PaginationManagerTests.swift */ = {isa = PBXFileReference; lastKnownFileType = sourcecode.swift; path = PaginationManagerTests.swift; sourceTree = "<group>"; };
		D786B607303DDB5C00CBE45A /* SwiftLearningTests.swift */ = {isa = PBXFileReference; lastKnownFileType = sourcecode.swift; path = SwiftLearningTests.swift; sourceTree = "<group>"; };
/* End PBXFileReference section */

/* Begin PBXFileSystemSynchronizedRootGroup section */
		D786AFEF30288D1000CBE45A /* SwiftLearning */ = {
			isa = PBXFileSystemSynchronizedRootGroup;
			path = SwiftLearning;
			sourceTree = "<group>";
		};
		D786B5F3303DDAFD00CBE45A /* SwiftLearningTests */ = {
			isa = PBXFileSystemSynchronizedRootGroup;
			path = SwiftLearningTests;
			sourceTree = "<group>";
		};
/* End PBXFileSystemSynchronizedRootGroup section */

/* Begin PBXFrameworksBuildPhase section */
		D786AFEA30288D1000CBE45A /* Frameworks */ = {
			isa = PBXFrameworksBuildPhase;
			buildActionMask = 2147483647;
			files = (
			);
			runOnlyForDeploymentPostprocessing = 0;
		};
		D786B5EF303DDAFC00CBE45A /* Frameworks */ = {
			isa = PBXFrameworksBuildPhase;
			buildActionMask = 2147483647;
			files = (
			);
			runOnlyForDeploymentPostprocessing = 0;
		};
/* End PBXFrameworksBuildPhase section */

/* Begin PBXGroup section */
		D75AFCE83041CBED003B950E /* ru.lproj */ = {
			isa = PBXGroup;
			children = (
				D75AFCEA3041CC20003B950E /* Localizable.strings */,
			);
			path = ru.lproj;
			sourceTree = "<group>";
		};
		D75AFCE93041CBF0003B950E /* en.lproj */ = {
			isa = PBXGroup;
			children = (
				D75AFCEC3041CC4F003B950E /* Localizable.strings */,
			);
			path = en.lproj;
			sourceTree = "<group>";
		};
		D786AFE430288D1000CBE45A = {
			isa = PBXGroup;
			children = (
				D786AFEF30288D1000CBE45A /* SwiftLearning */,
				D786B5F3303DDAFD00CBE45A /* SwiftLearningTests */,
				D786AFEE30288D1000CBE45A /* Products */,
				D786B608303DDB5C00CBE45A /* SwiftLearningTests */,
				D75AFCE83041CBED003B950E /* ru.lproj */,
				D75AFCE93041CBF0003B950E /* en.lproj */,
			);
			sourceTree = "<group>";
		};
		D786AFEE30288D1000CBE45A /* Products */ = {
			isa = PBXGroup;
			children = (
				D786AFED30288D1000CBE45A /* SwiftLearning.app */,
				D786B5F2303DDAFC00CBE45A /* SwiftLearningTests.xctest */,
			);
			name = Products;
			sourceTree = "<group>";
		};
		D786B608303DDB5C00CBE45A /* SwiftLearningTests */ = {
			isa = PBXGroup;
			children = (
				D786B603303DDB5C00CBE45A /* AuthSessionTests.swift */,
				D786B604303DDB5C00CBE45A /* BuilderTests.swift */,
				D786B605303DDB5C00CBE45A /* LearnViewModelTests.swift */,
				D786B606303DDB5C00CBE45A /* PaginationManagerTests.swift */,
				D786B607303DDB5C00CBE45A /* SwiftLearningTests.swift */,
			);
			path = SwiftLearningTests;
			sourceTree = "<group>";
		};
/* End PBXGroup section */

/* Begin PBXNativeTarget section */
		D786AFEC30288D1000CBE45A /* SwiftLearning */ = {
			isa = PBXNativeTarget;
			buildConfigurationList = D786AFF830288D1200CBE45A /* Build configuration list for PBXNativeTarget "SwiftLearning" */;
			buildPhases = (
				D786B1603035C61B00CBE45A /* SwiftFormat */,
				D786AFE930288D1000CBE45A /* Sources */,
				D786AFEA30288D1000CBE45A /* Frameworks */,
				D786AFEB30288D1000CBE45A /* Resources */,
			);
			buildRules = (
			);
			dependencies = (
				D786B15F3035BC3E00CBE45A /* PBXTargetDependency */,
			);
			fileSystemSynchronizedGroups = (
				D786AFEF30288D1000CBE45A /* SwiftLearning */,
			);
			name = SwiftLearning;
			packageProductDependencies = (
			);
			productName = SwiftLearning;
			productReference = D786AFED30288D1000CBE45A /* SwiftLearning.app */;
			productType = "com.apple.product-type.application";
		};
		D786B5F1303DDAFC00CBE45A /* SwiftLearningTests */ = {
			isa = PBXNativeTarget;
			buildConfigurationList = D786B5F8303DDAFD00CBE45A /* Build configuration list for PBXNativeTarget "SwiftLearningTests" */;
			buildPhases = (
				D786B5EE303DDAFC00CBE45A /* Sources */,
				D786B5EF303DDAFC00CBE45A /* Frameworks */,
				D786B5F0303DDAFC00CBE45A /* Resources */,
			);
			buildRules = (
			);
			dependencies = (
				D786B5F7303DDAFD00CBE45A /* PBXTargetDependency */,
			);
			fileSystemSynchronizedGroups = (
				D786B5F3303DDAFD00CBE45A /* SwiftLearningTests */,
			);
			name = SwiftLearningTests;
			packageProductDependencies = (
			);
			productName = SwiftLearningTests;
			productReference = D786B5F2303DDAFC00CBE45A /* SwiftLearningTests.xctest */;
			productType = "com.apple.product-type.bundle.unit-test";
		};
/* End PBXNativeTarget section */

/* Begin PBXProject section */
		D786AFE530288D1000CBE45A /* Project object */ = {
			isa = PBXProject;
			attributes = {
				BuildIndependentTargetsInParallel = 1;
				LastSwiftUpdateCheck = 2640;
				LastUpgradeCheck = 2640;
				TargetAttributes = {
					D786AFEC30288D1000CBE45A = {
						CreatedOnToolsVersion = 26.4.1;
					};
					D786B5F1303DDAFC00CBE45A = {
						CreatedOnToolsVersion = 26.4.1;
						TestTargetID = D786AFEC30288D1000CBE45A;
					};
				};
			};
			buildConfigurationList = D786AFE830288D1000CBE45A /* Build configuration list for PBXProject "SwiftLearning" */;
			developmentRegion = en;
			hasScannedForEncodings = 0;
			knownRegions = (
				en,
				Base,
				ru,
			);
			mainGroup = D786AFE430288D1000CBE45A;
			minimizedProjectReferenceProxies = 1;
			packageReferences = (
				D786B1593035BC1300CBE45A /* XCRemoteSwiftPackageReference "SwiftLint" */,
			);
			preferredProjectObjectVersion = 77;
			productRefGroup = D786AFEE30288D1000CBE45A /* Products */;
			projectDirPath = "";
			projectRoot = "";
			targets = (
				D786AFEC30288D1000CBE45A /* SwiftLearning */,
				D786B5F1303DDAFC00CBE45A /* SwiftLearningTests */,
			);
		};
/* End PBXProject section */

/* Begin PBXResourcesBuildPhase section */
		D786AFEB30288D1000CBE45A /* Resources */ = {
			isa = PBXResourcesBuildPhase;
			buildActionMask = 2147483647;
			files = (
				D75AFCEF3041D0C7003B950E /* Localizable.strings in Resources */,
				D75AFCEE3041D0BF003B950E /* Localizable.strings in Resources */,
			);
			runOnlyForDeploymentPostprocessing = 0;
		};
		D786B5F0303DDAFC00CBE45A /* Resources */ = {
			isa = PBXResourcesBuildPhase;
			buildActionMask = 2147483647;
			files = (
			);
			runOnlyForDeploymentPostprocessing = 0;
		};
/* End PBXResourcesBuildPhase section */

/* Begin PBXShellScriptBuildPhase section */
		D786B1603035C61B00CBE45A /* SwiftFormat */ = {
			isa = PBXShellScriptBuildPhase;
			buildActionMask = 2147483647;
			files = (
			);
			inputFileListPaths = (
			);
			inputPaths = (
			);
			name = SwiftFormat;
			outputFileListPaths = (
			);
			outputPaths = (
			);
			runOnlyForDeploymentPostprocessing = 0;
			shellPath = /bin/sh;
			shellScript = "export PATH=\"/opt/homebrew/bin:/usr/local/bin:$PATH\"\n\nif command -v swiftformat >/dev/null 2>&1; then\n    swiftformat \"$SRCROOT\"\nelse\n    echo \"warning: SwiftFormat not installed. Install it with: brew install swiftformat\"\nfi\n";
		};
/* End PBXShellScriptBuildPhase section */

/* Begin PBXSourcesBuildPhase section */
		D786AFE930288D1000CBE45A /* Sources */ = {
			isa = PBXSourcesBuildPhase;
			buildActionMask = 2147483647;
			files = (
			);
			runOnlyForDeploymentPostprocessing = 0;
		};
		D786B5EE303DDAFC00CBE45A /* Sources */ = {
			isa = PBXSourcesBuildPhase;
			buildActionMask = 2147483647;
			files = (
				D786B609303DDB5C00CBE45A /* PaginationManagerTests.swift in Sources */,
				D786B60A303DDB5C00CBE45A /* LearnViewModelTests.swift in Sources */,
				D786B60B303DDB5C00CBE45A /* AuthSessionTests.swift in Sources */,
				D786B60C303DDB5C00CBE45A /* SwiftLearningTests.swift in Sources */,
				D786B60D303DDB5C00CBE45A /* BuilderTests.swift in Sources */,
			);
			runOnlyForDeploymentPostprocessing = 0;
		};
/* End PBXSourcesBuildPhase section */

/* Begin PBXTargetDependency section */
		D786B15F3035BC3E00CBE45A /* PBXTargetDependency */ = {
			isa = PBXTargetDependency;
			productRef = D786B15E3035BC3E00CBE45A /* SwiftLintBuildToolPlugin */;
		};
		D786B5F7303DDAFD00CBE45A /* PBXTargetDependency */ = {
			isa = PBXTargetDependency;
			target = D786AFEC30288D1000CBE45A /* SwiftLearning */;
			targetProxy = D786B5F6303DDAFD00CBE45A /* PBXContainerItemProxy */;
		};
/* End PBXTargetDependency section */

/* Begin PBXVariantGroup section */
		D75AFCEA3041CC20003B950E /* Localizable.strings */ = {
			isa = PBXVariantGroup;
			children = (
				D75AFCEB3041CC20003B950E /* ru */,
			);
			name = Localizable.strings;
			sourceTree = "<group>";
		};
		D75AFCEC3041CC4F003B950E /* Localizable.strings */ = {
			isa = PBXVariantGroup;
			children = (
				D75AFCED3041CC4F003B950E /* en */,
			);
			name = Localizable.strings;
			sourceTree = "<group>";
		};
/* End PBXVariantGroup section */

/* Begin XCBuildConfiguration section */
		D786AFF630288D1200CBE45A /* Debug */ = {
			isa = XCBuildConfiguration;
			buildSettings = {
				ALWAYS_SEARCH_USER_PATHS = NO;
				ASSETCATALOG_COMPILER_GENERATE_SWIFT_ASSET_SYMBOL_EXTENSIONS = YES;
				CLANG_ANALYZER_NONNULL = YES;
				CLANG_ANALYZER_NUMBER_OBJECT_CONVERSION = YES_AGGRESSIVE;
				CLANG_CXX_LANGUAGE_STANDARD = "gnu++20";
				CLANG_ENABLE_MODULES = YES;
				CLANG_ENABLE_OBJC_ARC = YES;
				CLANG_ENABLE_OBJC_WEAK = YES;
				CLANG_WARN_BLOCK_CAPTURE_AUTORELEASING = YES;
				CLANG_WARN_BOOL_CONVERSION = YES;
				CLANG_WARN_COMMA = YES;
				CLANG_WARN_CONSTANT_CONVERSION = YES;
				CLANG_WARN_DEPRECATED_OBJC_IMPLEMENTATIONS = YES;
				CLANG_WARN_DIRECT_OBJC_ISA_USAGE = YES_ERROR;
				CLANG_WARN_DOCUMENTATION_COMMENTS = YES;
				CLANG_WARN_EMPTY_BODY = YES;
				CLANG_WARN_ENUM_CONVERSION = YES;
				CLANG_WARN_INFINITE_RECURSION = YES;
				CLANG_WARN_INT_CONVERSION = YES;
				CLANG_WARN_NON_LITERAL_NULL_CONVERSION = YES;
				CLANG_WARN_OBJC_IMPLICIT_RETAIN_SELF = YES;
				CLANG_WARN_OBJC_LITERAL_CONVERSION = YES;
				CLANG_WARN_OBJC_ROOT_CLASS = YES_ERROR;
				CLANG_WARN_QUOTED_INCLUDE_IN_FRAMEWORK_HEADER = YES;
				CLANG_WARN_RANGE_LOOP_ANALYSIS = YES;
				CLANG_WARN_STRICT_PROTOTYPES = YES;
				CLANG_WARN_SUSPICIOUS_MOVE = YES;
				CLANG_WARN_UNGUARDED_AVAILABILITY = YES_AGGRESSIVE;
				CLANG_WARN_UNREACHABLE_CODE = YES;
				CLANG_WARN__DUPLICATE_METHOD_MATCH = YES;
				COPY_PHASE_STRIP = NO;
				DEBUG_INFORMATION_FORMAT = dwarf;
				ENABLE_STRICT_OBJC_MSGSEND = YES;
				ENABLE_TESTABILITY = YES;
				ENABLE_USER_SCRIPT_SANDBOXING = NO;
				GCC_C_LANGUAGE_STANDARD = gnu17;
				GCC_DYNAMIC_NO_PIC = NO;
				GCC_NO_COMMON_BLOCKS = YES;
				GCC_OPTIMIZATION_LEVEL = 0;
				GCC_PREPROCESSOR_DEFINITIONS = (
					"DEBUG=1",
					"$(inherited)",
				);
				GCC_WARN_64_TO_32_BIT_CONVERSION = YES;
				GCC_WARN_ABOUT_RETURN_TYPE = YES_ERROR;
				GCC_WARN_UNDECLARED_SELECTOR = YES;
				GCC_WARN_UNINITIALIZED_AUTOS = YES_AGGRESSIVE;
				GCC_WARN_UNUSED_FUNCTION = YES;
				GCC_WARN_UNUSED_VARIABLE = YES;
				IPHONEOS_DEPLOYMENT_TARGET = 26.4;
				LOCALIZATION_PREFERS_STRING_CATALOGS = YES;
				MTL_ENABLE_DEBUG_INFO = INCLUDE_SOURCE;
				MTL_FAST_MATH = YES;
				ONLY_ACTIVE_ARCH = YES;
				SDKROOT = iphoneos;
				SWIFT_ACTIVE_COMPILATION_CONDITIONS = "DEBUG $(inherited)";
				SWIFT_OPTIMIZATION_LEVEL = "-Onone";
			};
			name = Debug;
		};
		D786AFF730288D1200CBE45A /* Release */ = {
			isa = XCBuildConfiguration;
			buildSettings = {
				ALWAYS_SEARCH_USER_PATHS = NO;
				ASSETCATALOG_COMPILER_GENERATE_SWIFT_ASSET_SYMBOL_EXTENSIONS = YES;
				CLANG_ANALYZER_NONNULL = YES;
				CLANG_ANALYZER_NUMBER_OBJECT_CONVERSION = YES_AGGRESSIVE;
				CLANG_CXX_LANGUAGE_STANDARD = "gnu++20";
				CLANG_ENABLE_MODULES = YES;
				CLANG_ENABLE_OBJC_ARC = YES;
				CLANG_ENABLE_OBJC_WEAK = YES;
				CLANG_WARN_BLOCK_CAPTURE_AUTORELEASING = YES;
				CLANG_WARN_BOOL_CONVERSION = YES;
				CLANG_WARN_COMMA = YES;
				CLANG_WARN_CONSTANT_CONVERSION = YES;
				CLANG_WARN_DEPRECATED_OBJC_IMPLEMENTATIONS = YES;
				CLANG_WARN_DIRECT_OBJC_ISA_USAGE = YES_ERROR;
				CLANG_WARN_DOCUMENTATION_COMMENTS = YES;
				CLANG_WARN_EMPTY_BODY = YES;
				CLANG_WARN_ENUM_CONVERSION = YES;
				CLANG_WARN_INFINITE_RECURSION = YES;
				CLANG_WARN_INT_CONVERSION = YES;
				CLANG_WARN_NON_LITERAL_NULL_CONVERSION = YES;
				CLANG_WARN_OBJC_IMPLICIT_RETAIN_SELF = YES;
				CLANG_WARN_OBJC_LITERAL_CONVERSION = YES;
				CLANG_WARN_OBJC_ROOT_CLASS = YES_ERROR;
				CLANG_WARN_QUOTED_INCLUDE_IN_FRAMEWORK_HEADER = YES;
				CLANG_WARN_RANGE_LOOP_ANALYSIS = YES;
				CLANG_WARN_STRICT_PROTOTYPES = YES;
				CLANG_WARN_SUSPICIOUS_MOVE = YES;
				CLANG_WARN_UNGUARDED_AVAILABILITY = YES_AGGRESSIVE;
				CLANG_WARN_UNREACHABLE_CODE = YES;
				CLANG_WARN__DUPLICATE_METHOD_MATCH = YES;
				COPY_PHASE_STRIP = NO;
				DEBUG_INFORMATION_FORMAT = "dwarf-with-dsym";
				ENABLE_NS_ASSERTIONS = NO;
				ENABLE_STRICT_OBJC_MSGSEND = YES;
				ENABLE_USER_SCRIPT_SANDBOXING = NO;
				GCC_C_LANGUAGE_STANDARD = gnu17;
				GCC_NO_COMMON_BLOCKS = YES;
				GCC_WARN_64_TO_32_BIT_CONVERSION = YES;
				GCC_WARN_ABOUT_RETURN_TYPE = YES_ERROR;
				GCC_WARN_UNDECLARED_SELECTOR = YES;
				GCC_WARN_UNINITIALIZED_AUTOS = YES_AGGRESSIVE;
				GCC_WARN_UNUSED_FUNCTION = YES;
				GCC_WARN_UNUSED_VARIABLE = YES;
				IPHONEOS_DEPLOYMENT_TARGET = 26.4;
				LOCALIZATION_PREFERS_STRING_CATALOGS = YES;
				MTL_ENABLE_DEBUG_INFO = NO;
				MTL_FAST_MATH = YES;
				SDKROOT = iphoneos;
				SWIFT_COMPILATION_MODE = wholemodule;
				VALIDATE_PRODUCT = YES;
			};
			name = Release;
		};
		D786AFF930288D1200CBE45A /* Debug */ = {
			isa = XCBuildConfiguration;
			buildSettings = {
				ASSETCATALOG_COMPILER_APPICON_NAME = AppIcon;
				ASSETCATALOG_COMPILER_GLOBAL_ACCENT_COLOR_NAME = AccentColor;
				CODE_SIGN_STYLE = Automatic;
				CURRENT_PROJECT_VERSION = 1;
				ENABLE_PREVIEWS = YES;
				GENERATE_INFOPLIST_FILE = YES;
				INFOPLIST_KEY_UIApplicationSceneManifest_Generation = YES;
				INFOPLIST_KEY_UIApplicationSupportsIndirectInputEvents = YES;
				INFOPLIST_KEY_UILaunchScreen_Generation = YES;
				INFOPLIST_KEY_UISupportedInterfaceOrientations_iPad = "UIInterfaceOrientationPortrait UIInterfaceOrientationPortraitUpsideDown UIInterfaceOrientationLandscapeLeft UIInterfaceOrientationLandscapeRight";
				INFOPLIST_KEY_UISupportedInterfaceOrientations_iPhone = "UIInterfaceOrientationPortrait UIInterfaceOrientationLandscapeLeft UIInterfaceOrientationLandscapeRight";
				LD_RUNPATH_SEARCH_PATHS = (
					"$(inherited)",
					"@executable_path/Frameworks",
				);
				MARKETING_VERSION = 1.0;
				PRODUCT_BUNDLE_IDENTIFIER = e.SwiftLearning;
				PRODUCT_NAME = "$(TARGET_NAME)";
				STRING_CATALOG_GENERATE_SYMBOLS = YES;
				SWIFT_APPROACHABLE_CONCURRENCY = YES;
				SWIFT_DEFAULT_ACTOR_ISOLATION = MainActor;
				SWIFT_EMIT_LOC_STRINGS = YES;
				SWIFT_UPCOMING_FEATURE_MEMBER_IMPORT_VISIBILITY = YES;
				SWIFT_VERSION = 5.0;
				TARGETED_DEVICE_FAMILY = "1,2";
			};
			name = Debug;
		};
		D786AFFA30288D1200CBE45A /* Release */ = {
			isa = XCBuildConfiguration;
			buildSettings = {
				ASSETCATALOG_COMPILER_APPICON_NAME = AppIcon;
				ASSETCATALOG_COMPILER_GLOBAL_ACCENT_COLOR_NAME = AccentColor;
				CODE_SIGN_STYLE = Automatic;
				CURRENT_PROJECT_VERSION = 1;
				ENABLE_PREVIEWS = YES;
				GENERATE_INFOPLIST_FILE = YES;
				INFOPLIST_KEY_UIApplicationSceneManifest_Generation = YES;
				INFOPLIST_KEY_UIApplicationSupportsIndirectInputEvents = YES;
				INFOPLIST_KEY_UILaunchScreen_Generation = YES;
				INFOPLIST_KEY_UISupportedInterfaceOrientations_iPad = "UIInterfaceOrientationPortrait UIInterfaceOrientationPortraitUpsideDown UIInterfaceOrientationLandscapeLeft UIInterfaceOrientationLandscapeRight";
				INFOPLIST_KEY_UISupportedInterfaceOrientations_iPhone = "UIInterfaceOrientationPortrait UIInterfaceOrientationLandscapeLeft UIInterfaceOrientationLandscapeRight";
				LD_RUNPATH_SEARCH_PATHS = (
					"$(inherited)",
					"@executable_path/Frameworks",
				);
				MARKETING_VERSION = 1.0;
				PRODUCT_BUNDLE_IDENTIFIER = e.SwiftLearning;
				PRODUCT_NAME = "$(TARGET_NAME)";
				STRING_CATALOG_GENERATE_SYMBOLS = YES;
				SWIFT_APPROACHABLE_CONCURRENCY = YES;
				SWIFT_DEFAULT_ACTOR_ISOLATION = MainActor;
				SWIFT_EMIT_LOC_STRINGS = YES;
				SWIFT_UPCOMING_FEATURE_MEMBER_IMPORT_VISIBILITY = YES;
				SWIFT_VERSION = 5.0;
				TARGETED_DEVICE_FAMILY = "1,2";
			};
			name = Release;
		};
		D786B5F9303DDAFD00CBE45A /* Debug */ = {
			isa = XCBuildConfiguration;
			buildSettings = {
				BUNDLE_LOADER = "$(TEST_HOST)";
				CODE_SIGN_STYLE = Automatic;
				CURRENT_PROJECT_VERSION = 1;
				ENABLE_USER_SCRIPT_SANDBOXING = YES;
				GENERATE_INFOPLIST_FILE = YES;
				MARKETING_VERSION = 1.0;
				PRODUCT_BUNDLE_IDENTIFIER = e.SwiftLearningTests;
				PRODUCT_NAME = "$(TARGET_NAME)";
				STRING_CATALOG_GENERATE_SYMBOLS = NO;
				SWIFT_APPROACHABLE_CONCURRENCY = YES;
				SWIFT_EMIT_LOC_STRINGS = NO;
				SWIFT_UPCOMING_FEATURE_MEMBER_IMPORT_VISIBILITY = YES;
				SWIFT_VERSION = 5.0;
				TARGETED_DEVICE_FAMILY = "1,2";
				TEST_HOST = "$(BUILT_PRODUCTS_DIR)/SwiftLearning.app/$(BUNDLE_EXECUTABLE_FOLDER_PATH)/SwiftLearning";
			};
			name = Debug;
		};
		D786B5FA303DDAFD00CBE45A /* Release */ = {
			isa = XCBuildConfiguration;
			buildSettings = {
				BUNDLE_LOADER = "$(TEST_HOST)";
				CODE_SIGN_STYLE = Automatic;
				CURRENT_PROJECT_VERSION = 1;
				ENABLE_USER_SCRIPT_SANDBOXING = YES;
				GENERATE_INFOPLIST_FILE = YES;
				MARKETING_VERSION = 1.0;
				PRODUCT_BUNDLE_IDENTIFIER = e.SwiftLearningTests;
				PRODUCT_NAME = "$(TARGET_NAME)";
				STRING_CATALOG_GENERATE_SYMBOLS = NO;
				SWIFT_APPROACHABLE_CONCURRENCY = YES;
				SWIFT_EMIT_LOC_STRINGS = NO;
				SWIFT_UPCOMING_FEATURE_MEMBER_IMPORT_VISIBILITY = YES;
				SWIFT_VERSION = 5.0;
				TARGETED_DEVICE_FAMILY = "1,2";
				TEST_HOST = "$(BUILT_PRODUCTS_DIR)/SwiftLearning.app/$(BUNDLE_EXECUTABLE_FOLDER_PATH)/SwiftLearning";
			};
			name = Release;
		};
/* End XCBuildConfiguration section */

/* Begin XCConfigurationList section */
		D786AFE830288D1000CBE45A /* Build configuration list for PBXProject "SwiftLearning" */ = {
			isa = XCConfigurationList;
			buildConfigurations = (
				D786AFF630288D1200CBE45A /* Debug */,
				D786AFF730288D1200CBE45A /* Release */,
			);
			defaultConfigurationIsVisible = 0;
			defaultConfigurationName = Release;
		};
		D786AFF830288D1200CBE45A /* Build configuration list for PBXNativeTarget "SwiftLearning" */ = {
			isa = XCConfigurationList;
			buildConfigurations = (
				D786AFF930288D1200CBE45A /* Debug */,
				D786AFFA30288D1200CBE45A /* Release */,
			);
			defaultConfigurationIsVisible = 0;
			defaultConfigurationName = Release;
		};
		D786B5F8303DDAFD00CBE45A /* Build configuration list for PBXNativeTarget "SwiftLearningTests" */ = {
			isa = XCConfigurationList;
			buildConfigurations = (
				D786B5F9303DDAFD00CBE45A /* Debug */,
				D786B5FA303DDAFD00CBE45A /* Release */,
			);
			defaultConfigurationIsVisible = 0;
			defaultConfigurationName = Release;
		};
/* End XCConfigurationList section */

/* Begin XCRemoteSwiftPackageReference section */
		D786B1593035BC1300CBE45A /* XCRemoteSwiftPackageReference "SwiftLint" */ = {
			isa = XCRemoteSwiftPackageReference;
			repositoryURL = "https://github.com/realm/SwiftLint";
			requirement = {
				kind = upToNextMajorVersion;
				minimumVersion = 0.65.0;
			};
		};
/* End XCRemoteSwiftPackageReference section */

/* Begin XCSwiftPackageProductDependency section */
		D786B15E3035BC3E00CBE45A /* SwiftLintBuildToolPlugin */ = {
			isa = XCSwiftPackageProductDependency;
			package = D786B1593035BC1300CBE45A /* XCRemoteSwiftPackageReference "SwiftLint" */;
			productName = "plugin:SwiftLintBuildToolPlugin";
		};
/* End XCSwiftPackageProductDependency section */
	};
	rootObject = D786AFE530288D1000CBE45A /* Project object */;
}
